
Microsoft Visual Studio Solution File, Format Version 12.00
# Visual Studio Version 16
VisualStudioVersion = 25.0.1704.2
MinimumVisualStudioVersion = 10.0.40219.1
Project("{FAE04EC0-301F-11D3-BF4B-00C04F79EFBC}") = "DocumentParser.Domain", "DocumentParser.Domain\DocumentParser.Domain.csproj", "{305775CA-0E4B-4842-9DB0-F0F3272CA5EC}"
EndProject
Project("{FAE04EC0-301F-11D3-BF4B-00C04F79EFBC}") = "DocumentParser.BL", "DocumentParser.BL\DocumentParser.BL.csproj", "{7ECD632A-3330-4B2F-A791-3E6C098D7A3C}"
EndProject
Project("{FAE04EC0-301F-11D3-BF4B-00C04F79EFBC}") = "ParserDocument.Test", "ParserDocument.Test\ParserDocument.Test.csproj", "{C8DF261E-69D2-464F-8CE0-9CBD02231769}"
EndProject
Project("{FAE04EC0-301F-11D3-BF4B-00C04F79EFBC}") = "DocumentParser.Host", "DocumentParser.Host\DocumentParser.Host.csproj", "{A723F25F-44EC-44C5-8037-9E23F3613DB0}"
EndProject
Global
	GlobalSection(SolutionConfigurationPlatforms) = preSolution
		Debug|Any CPU = Debug|Any CPU
		Release|Any CPU = Release|Any CPU
	EndGlobalSection
	GlobalSection(ProjectConfigurationPlatforms) = postSolution
		{305775CA-0E4B-4842-9DB0-F0F3272CA5EC}.Debug|Any CPU.ActiveCfg = Debug|Any CPU
		{305775CA-0E4B-4842-9DB0-F0F3272CA5EC}.Debug|Any CPU.Build.0 = Debug|Any CPU
		{305775CA-0E4B-4842-9DB0-F0F3272CA5EC}.Release|Any CPU.ActiveCfg = Release|Any CPU
		{305775CA-0E4B-4842-9DB0-F0F3272CA5EC}.Release|Any CPU.Build.0 = Release|Any CPU
		{7ECD632A-3330-4B2F-A791-3E6C098D7A3C}.Debug|Any CPU.ActiveCfg = Debug|Any CPU
		{7ECD632A-3330-4B2F-A791-3E6C098D7A3C}.Debug|Any CPU.Build.0 = Debug|Any CPU
		{7ECD632A-3330-4B2F-A791-3E6C098D7A3C}.Release|Any CPU.ActiveCfg = Release|Any CPU
		{7ECD632A-3330-4B2F-A791-3E6C098D7A3C}.Release|Any CPU.Build.0 = Release|Any CPU
		{C8DF261E-69D2-464F-8CE0-9CBD02231769}.Debug|Any CPU.ActiveCfg = Debug|Any CPU
		{C8DF261E-69D2-464F-8CE0-9CBD02231769}.Debug|Any CPU.Build.0 = Debug|Any CPU
		{C8DF261E-69D2-464F-8CE0-9CBD02231769}.Release|Any CPU.ActiveCfg = Release|Any CPU
		{C8DF261E-69D2-464F-8CE0-9CBD02231769}.Release|Any CPU.Build.0 = Release|Any CPU
		{A723F25F-44EC-44C5-8037-9E23F3613DB0}.Debug|Any CPU.ActiveCfg = Debug|Any CPU
		{A723F25F-44EC-44C5-8037-9E23F3613DB0}.Debug|Any CPU.Build.0 = Debug|Any CPU
		{A723F25F-44EC-44C5-8037-9E23F3613DB0}.Release|Any CPU.ActiveCfg = Release|Any CPU
		{A723F25F-44EC-44C5-8037-9E23F3613DB0}.Release|Any CPU.Build.0 = Release|Any CPU
	EndGlobalSection
	GlobalSection(SolutionProperties) = preSolution
		HideSolutionNode = FALSE
	EndGlobalSection
	GlobalSection(ExtensibilityGlobals) = postSolution
		SolutionGuid = {511D80A4-CD77-4087-A3DA-B465FC5DDBE6}
	EndGlobalSection
EndGlobal
